// !$*UTF8*$!
{
	archiveVersion = 1;
	classes = {
	};
	objectVersion = 46;
	objects = {

/* Begin PBXBuildFile section */
		4F22A2151186315400FFBAB6 /* WebKit.framework in Frameworks */ = {isa = PBXBuildFile; fileRef = 4F22A2141186315400FFBAB6 /* WebKit.framework */; };
		4F244586121F0B8700FEE1DA /* GTL.framework in Copy GTL.framework */ = {isa = PBXBuildFile; fileRef = 4F24457F121F0B8300FEE1DA /* GTL.framework */; };
		4F244587121F0B8A00FEE1DA /* GTL.framework in Frameworks */ = {isa = PBXBuildFile; fileRef = 4F24457F121F0B8300FEE1DA /* GTL.framework */; };
		4F6293CE11CC193500BE36DD /* ShoppingSampleAppController.m in Sources */ = {isa = PBXBuildFile; fileRef = 4F6293CB11CC193500BE36DD /* ShoppingSampleAppController.m */; };
		4F6293CF11CC193500BE36DD /* ShoppingSampleWindowController.m in Sources */ = {isa = PBXBuildFile; fileRef = 4F6293CD11CC193500BE36DD /* ShoppingSampleWindowController.m */; };
		4F6293F811CC21A000BE36DD /* ShoppingSampleWindow.xib in Resources */ = {isa = PBXBuildFile; fileRef = 4F6293F611CC21A000BE36DD /* ShoppingSampleWindow.xib */; };
		4FA6F3D41034AEC400C5DFA5 /* MainMenu.xib in Resources */ = {isa = PBXBuildFile; fileRef = 4FA6F3D11034AEC400C5DFA5 /* MainMenu.xib */; };
		4FCCF56A155C519B009947E5 /* GTLQueryShopping.m in Sources */ = {isa = PBXBuildFile; fileRef = 4FCCF558155C519B009947E5 /* GTLQueryShopping.m */; };
		4FCCF56B155C519B009947E5 /* GTLServiceShopping.m in Sources */ = {isa = PBXBuildFile; fileRef = 4FCCF55A155C519B009947E5 /* GTLServiceShopping.m */; };
		4FCCF56C155C519B009947E5 /* GTLShoppingConstants.m in Sources */ = {isa = PBXBuildFile; fileRef = 4FCCF55D155C519B009947E5 /* GTLShoppingConstants.m */; };
		4FCCF56D155C519B009947E5 /* GTLShoppingModelCategory.m in Sources */ = {isa = PBXBuildFile; fileRef = 4FCCF55F155C519B009947E5 /* GTLShoppingModelCategory.m */; };
		4FCCF56E155C519B009947E5 /* GTLShoppingModelDebug.m in Sources */ = {isa = PBXBuildFile; fileRef = 4FCCF561155C519B009947E5 /* GTLShoppingModelDebug.m */; };
		4FCCF56F155C519B009947E5 /* GTLShoppingModelProduct.m in Sources */ = {isa = PBXBuildFile; fileRef = 4FCCF563155C519B009947E5 /* GTLShoppingModelProduct.m */; };
		4FCCF570155C519B009947E5 /* GTLShoppingModelRecommendations.m in Sources */ = {isa = PBXBuildFile; fileRef = 4FCCF565155C519B009947E5 /* GTLShoppingModelRecommendations.m */; };
		4FCCF571155C519B009947E5 /* GTLShoppingProduct.m in Sources */ = {isa = PBXBuildFile; fileRef = 4FCCF567155C519B009947E5 /* GTLShoppingProduct.m */; };
		4FCCF572155C519B009947E5 /* GTLShoppingProducts.m in Sources */ = {isa = PBXBuildFile; fileRef = 4FCCF569155C519B009947E5 /* GTLShoppingProducts.m */; };
		8D11072B0486CEB800E47090 /* InfoPlist.strings in Resources */ = {isa = PBXBuildFile; fileRef = 089C165CFE840E0CC02AAC07 /* InfoPlist.strings */; };
		8D11072D0486CEB800E47090 /* main.m in Sources */ = {isa = PBXBuildFile; fileRef = 29B97316FDCFA39411CA2CEA /* main.m */; settings = {ATTRIBUTES = (); }; };
		8D11072F0486CEB800E47090 /* Cocoa.framework in Frameworks */ = {isa = PBXBuildFile; fileRef = 1058C7A1FEA54F0111CA2CBB /* Cocoa.framework */; };
/* End PBXBuildFile section */

/* Begin PBXContainerItemProxy section */
		4F24457E121F0B8300FEE1DA /* PBXContainerItemProxy */ = {
			isa = PBXContainerItemProxy;
			containerPortal = 4F244577121F0B8300FEE1DA /* GTL.xcodeproj */;
			proxyType = 2;
			remoteGlobalIDString = 4F38F6A60B66E91D00B24B81;
			remoteInfo = GTLFramework;
		};
		4F244580121F0B8300FEE1DA /* PBXContainerItemProxy */ = {
			isa = PBXContainerItemProxy;
			containerPortal = 4F244577121F0B8300FEE1DA /* GTL.xcodeproj */;
			proxyType = 2;
			remoteGlobalIDString = 4F12027C11A4CA2F00BEB470;
			remoteInfo = GTLTouchStaticLib;
		};
		4F244582121F0B8300FEE1DA /* PBXContainerItemProxy */ = {
			isa = PBXContainerItemProxy;
			containerPortal = 4F244577121F0B8300FEE1DA /* GTL.xcodeproj */;
			proxyType = 2;
			remoteGlobalIDString = 4F12027D11A4CA2F00BEB470;
			remoteInfo = GTLUnitTests;
		};
		4F244584121F0B8300FEE1DA /* PBXContainerItemProxy */ = {
			isa = PBXContainerItemProxy;
			containerPortal = 4F244577121F0B8300FEE1DA /* GTL.xcodeproj */;
			proxyType = 2;
			remoteGlobalIDString = 4F1AD9020B71603F00DC0485;
			remoteInfo = DevelopmentTestTool;
		};
		4F72435E12233E7D001A4AD0 /* PBXContainerItemProxy */ = {
			isa = PBXContainerItemProxy;
			containerPortal = 4F244577121F0B8300FEE1DA /* GTL.xcodeproj */;
			proxyType = 1;
			remoteGlobalIDString = 4F38F6A50B66E91D00B24B81;
			remoteInfo = GTLFramework;
		};
/* End PBXContainerItemProxy section */

/* Begin PBXCopyFilesBuildPhase section */
		4F38F8970B66FAB700B24B81 /* CopyFiles */ = {
			isa = PBXCopyFilesBuildPhase;
			buildActionMask = 2147483647;
			dstPath = "";
			dstSubfolderSpec = 10;
			files = (
			);
			runOnlyForDeploymentPostprocessing = 0;
		};
		4F62921C11CAE5F700BE36DD /* Copy GTL.framework */ = {
			isa = PBXCopyFilesBuildPhase;
			buildActionMask = 2147483647;
			dstPath = "";
			dstSubfolderSpec = 10;
			files = (
				4F244586121F0B8700FEE1DA /* GTL.framework in Copy GTL.framework */,
			);
			name = "Copy GTL.framework";
			runOnlyForDeploymentPostprocessing = 0;
		};
/* End PBXCopyFilesBuildPhase section */

/* Begin PBXFileReference section */
		089C165DFE840E0CC02AAC07 /* English */ = {isa = PBXFileReference; fileEncoding = 4; lastKnownFileType = text.plist.strings; name = English; path = English.lproj/InfoPlist.strings; sourceTree = "<group>"; };
		1058C7A1FEA54F0111CA2CBB /* Cocoa.framework */ = {isa = PBXFileReference; lastKnownFileType = wrapper.framework; name = Cocoa.framework; path = /System/Library/Frameworks/Cocoa.framework; sourceTree = "<absolute>"; };
		29B97316FDCFA39411CA2CEA /* main.m */ = {isa = PBXFileReference; fileEncoding = 4; lastKnownFileType = sourcecode.c.objc; path = main.m; sourceTree = "<group>"; };
		29B97324FDCFA39411CA2CEA /* AppKit.framework */ = {isa = PBXFileReference; lastKnownFileType = wrapper.framework; name = AppKit.framework; path = /System/Library/Frameworks/AppKit.framework; sourceTree = "<absolute>"; };
		29B97325FDCFA39411CA2CEA /* Foundation.framework */ = {isa = PBXFileReference; lastKnownFileType = wrapper.framework; name = Foundation.framework; path = /System/Library/Frameworks/Foundation.framework; sourceTree = "<absolute>"; };
		4F22A2141186315400FFBAB6 /* WebKit.framework */ = {isa = PBXFileReference; lastKnownFileType = wrapper.framework; name = WebKit.framework; path = /System/Library/Frameworks/WebKit.framework; sourceTree = "<absolute>"; };
		4F244577121F0B8300FEE1DA /* GTL.xcodeproj */ = {isa = PBXFileReference; lastKnownFileType = "wrapper.pb-project"; name = GTL.xcodeproj; path = ../../Source/GTL.xcodeproj; sourceTree = SOURCE_ROOT; };
		4F6293CA11CC193500BE36DD /* ShoppingSampleAppController.h */ = {isa = PBXFileReference; fileEncoding = 4; lastKnownFileType = sourcecode.c.h; path = ShoppingSampleAppController.h; sourceTree = "<group>"; };
		4F6293CB11CC193500BE36DD /* ShoppingSampleAppController.m */ = {isa = PBXFileReference; fileEncoding = 4; lastKnownFileType = sourcecode.c.objc; path = ShoppingSampleAppController.m; sourceTree = "<group>"; };
		4F6293CC11CC193500BE36DD /* ShoppingSampleWindowController.h */ = {isa = PBXFileReference; fileEncoding = 4; lastKnownFileType = sourcecode.c.h; path = ShoppingSampleWindowController.h; sourceTree = "<group>"; };
		4F6293CD11CC193500BE36DD /* ShoppingSampleWindowController.m */ = {isa = PBXFileReference; fileEncoding = 4; lastKnownFileType = sourcecode.c.objc; path = ShoppingSampleWindowController.m; sourceTree = "<group>"; };
		4F6293F711CC21A000BE36DD /* English */ = {isa = PBXFileReference; lastKnownFileType = file.xib; name = English; path = English.lproj/ShoppingSampleWindow.xib; sourceTree = "<group>"; };
		4FA6F3D21034AEC400C5DFA5 /* English */ = {isa = PBXFileReference; lastKnownFileType = file.xib; name = English; path = English.lproj/MainMenu.xib; sourceTree = "<group>"; };
		4FCCF557155C519B009947E5 /* GTLQueryShopping.h */ = {isa = PBXFileReference; fileEncoding = 4; lastKnownFileType = sourcecode.c.h; path = GTLQueryShopping.h; sourceTree = "<group>"; };
		4FCCF558155C519B009947E5 /* GTLQueryShopping.m */ = {isa = PBXFileReference; fileEncoding = 4; lastKnownFileType = sourcecode.c.objc; path = GTLQueryShopping.m; sourceTree = "<group>"; };
		4FCCF559155C519B009947E5 /* GTLServiceShopping.h */ = {isa = PBXFileReference; fileEncoding = 4; lastKnownFileType = sourcecode.c.h; path = GTLServiceShopping.h; sourceTree = "<group>"; };
		4FCCF55A155C519B009947E5 /* GTLServiceShopping.m */ = {isa = PBXFileReference; fileEncoding = 4; lastKnownFileType = sourcecode.c.objc; path = GTLServiceShopping.m; sourceTree = "<group>"; };
		4FCCF55B155C519B009947E5 /* GTLShopping.h */ = {isa = PBXFileReference; fileEncoding = 4; lastKnownFileType = sourcecode.c.h; path = GTLShopping.h; sourceTree = "<group>"; };
		4FCCF55C155C519B009947E5 /* GTLShoppingConstants.h */ = {isa = PBXFileReference; fileEncoding = 4; lastKnownFileType = sourcecode.c.h; path = GTLShoppingConstants.h; sourceTree = "<group>"; };
		4FCCF55D155C519B009947E5 /* GTLShoppingConstants.m */ = {isa = PBXFileReference; fileEncoding = 4; lastKnownFileType = sourcecode.c.objc; path = GTLShoppingConstants.m; sourceTree = "<group>"; };
		4FCCF55E155C519B009947E5 /* GTLShoppingModelCategory.h */ = {isa = PBXFileReference; fileEncoding = 4; lastKnownFileType = sourcecode.c.h; path = GTLShoppingModelCategory.h; sourceTree = "<group>"; };
		4FCCF55F155C519B009947E5 /* GTLShoppingModelCategory.m */ = {isa = PBXFileReference; fileEncoding = 4; lastKnownFileType = sourcecode.c.objc; path = GTLShoppingModelCategory.m; sourceTree = "<group>"; };
		4FCCF560155C519B009947E5 /* GTLShoppingModelDebug.h */ = {isa = PBXFileReference; fileEncoding = 4; lastKnownFileType = sourcecode.c.h; path = GTLShoppingModelDebug.h; sourceTree = "<group>"; };
		4FCCF561155C519B009947E5 /* GTLShoppingModelDebug.m */ = {isa = PBXFileReference; fileEncoding = 4; lastKnownFileType = sourcecode.c.objc; path = GTLShoppingModelDebug.m; sourceTree = "<group>"; };
		4FCCF562155C519B009947E5 /* GTLShoppingModelProduct.h */ = {isa = PBXFileReference; fileEncoding = 4; lastKnownFileType = sourcecode.c.h; path = GTLShoppingModelProduct.h; sourceTree = "<group>"; };
		4FCCF563155C519B009947E5 /* GTLShoppingModelProduct.m */ = {isa = PBXFileReference; fileEncoding = 4; lastKnownFileType = sourcecode.c.objc; path = GTLShoppingModelProduct.m; sourceTree = "<group>"; };
		4FCCF564155C519B009947E5 /* GTLShoppingModelRecommendations.h */ = {isa = PBXFileReference; fileEncoding = 4; lastKnownFileType = sourcecode.c.h; path = GTLShoppingModelRecommendations.h; sourceTree = "<group>"; };
		4FCCF565155C519B009947E5 /* GTLShoppingModelRecommendations.m */ = {isa = PBXFileReference; fileEncoding = 4; lastKnownFileType = sourcecode.c.objc; path = GTLShoppingModelRecommendations.m; sourceTree = "<group>"; };
		4FCCF566155C519B009947E5 /* GTLShoppingProduct.h */ = {isa = PBXFileReference; fileEncoding = 4; lastKnownFileType = sourcecode.c.h; path = GTLShoppingProduct.h; sourceTree = "<group>"; };
		4FCCF567155C519B009947E5 /* GTLShoppingProduct.m */ = {isa = PBXFileReference; fileEncoding = 4; lastKnownFileType = sourcecode.c.objc; path = GTLShoppingProduct.m; sourceTree = "<group>"; };
		4FCCF568155C519B009947E5 /* GTLShoppingProducts.h */ = {isa = PBXFileReference; fileEncoding = 4; lastKnownFileType = sourcecode.c.h; path = GTLShoppingProducts.h; sourceTree = "<group>"; };
		4FCCF569155C519B009947E5 /* GTLShoppingProducts.m */ = {isa = PBXFileReference; fileEncoding = 4; lastKnownFileType = sourcecode.c.objc; path = GTLShoppingProducts.m; sourceTree = "<group>"; };
		4FD0F1D90CBC68F300059DC1 /* buildCopyScript */ = {isa = PBXFileReference; fileEncoding = 30; lastKnownFileType = text.script.sh; path = buildCopyScript; sourceTree = "<group>"; };
		4FD0F1DA0CBC68F300059DC1 /* buildStripHeaders */ = {isa = PBXFileReference; fileEncoding = 30; lastKnownFileType = text.script.sh; path = buildStripHeaders; sourceTree = "<group>"; };
		8D1107310486CEB800E47090 /* Info.plist */ = {isa = PBXFileReference; fileEncoding = 4; lastKnownFileType = text.plist; path = Info.plist; sourceTree = "<group>"; };
		8D1107320486CEB800E47090 /* ShoppingSample.app */ = {isa = PBXFileReference; explicitFileType = wrapper.application; includeInIndex = 0; path = ShoppingSample.app; sourceTree = BUILT_PRODUCTS_DIR; };
/* End PBXFileReference section */

/* Begin PBXFrameworksBuildPhase section */
		8D11072E0486CEB800E47090 /* Frameworks */ = {
			isa = PBXFrameworksBuildPhase;
			buildActionMask = 2147483647;
			files = (
				4F244587121F0B8A00FEE1DA /* GTL.framework in Frameworks */,
				8D11072F0486CEB800E47090 /* Cocoa.framework in Frameworks */,
				4F22A2151186315400FFBAB6 /* WebKit.framework in Frameworks */,
			);
			runOnlyForDeploymentPostprocessing = 0;
		};
/* End PBXFrameworksBuildPhase section */

/* Begin PBXGroup section */
		080E96DDFE201D6D7F000001 /* Classes */ = {
			isa = PBXGroup;
			children = (
				4F6293CA11CC193500BE36DD /* ShoppingSampleAppController.h */,
				4F6293CB11CC193500BE36DD /* ShoppingSampleAppController.m */,
				4F6293CC11CC193500BE36DD /* ShoppingSampleWindowController.h */,
				4F6293CD11CC193500BE36DD /* ShoppingSampleWindowController.m */,
			);
			name = Classes;
			sourceTree = "<group>";
		};
		1058C7A0FEA54F0111CA2CBB /* Linked Frameworks */ = {
			isa = PBXGroup;
			children = (
				1058C7A1FEA54F0111CA2CBB /* Cocoa.framework */,
			);
			name = "Linked Frameworks";
			sourceTree = "<group>";
		};
		1058C7A2FEA54F0111CA2CBB /* Other Frameworks */ = {
			isa = PBXGroup;
			children = (
				4F22A2141186315400FFBAB6 /* WebKit.framework */,
				29B97324FDCFA39411CA2CEA /* AppKit.framework */,
				29B97325FDCFA39411CA2CEA /* Foundation.framework */,
			);
			name = "Other Frameworks";
			sourceTree = "<group>";
		};
		19C28FACFE9D520D11CA2CBB /* Products */ = {
			isa = PBXGroup;
			children = (
				8D1107320486CEB800E47090 /* ShoppingSample.app */,
			);
			name = Products;
			sourceTree = "<group>";
		};
		29B97314FDCFA39411CA2CEA /* CalendarSample */ = {
			isa = PBXGroup;
			children = (
				4F244577121F0B8300FEE1DA /* GTL.xcodeproj */,
				080E96DDFE201D6D7F000001 /* Classes */,
				4FB2552C138C456800B5C1AE /* API Services */,
				29B97315FDCFA39411CA2CEA /* Other Sources */,
				29B97317FDCFA39411CA2CEA /* Resources */,
				29B97323FDCFA39411CA2CEA /* Frameworks */,
				4FD0F1D80CBC68E100059DC1 /* Build Scripts */,
				19C28FACFE9D520D11CA2CBB /* Products */,
			);
			name = CalendarSample;
			sourceTree = "<group>";
		};
		29B97315FDCFA39411CA2CEA /* Other Sources */ = {
			isa = PBXGroup;
			children = (
				29B97316FDCFA39411CA2CEA /* main.m */,
			);
			name = "Other Sources";
			sourceTree = "<group>";
		};
		29B97317FDCFA39411CA2CEA /* Resources */ = {
			isa = PBXGroup;
			children = (
				4F6293F611CC21A000BE36DD /* ShoppingSampleWindow.xib */,
				4FA6F3D11034AEC400C5DFA5 /* MainMenu.xib */,
				8D1107310486CEB800E47090 /* Info.plist */,
				089C165CFE840E0CC02AAC07 /* InfoPlist.strings */,
			);
			name = Resources;
			sourceTree = "<group>";
		};
		29B97323FDCFA39411CA2CEA /* Frameworks */ = {
			isa = PBXGroup;
			children = (
				1058C7A0FEA54F0111CA2CBB /* Linked Frameworks */,
				1058C7A2FEA54F0111CA2CBB /* Other Frameworks */,
			);
			name = Frameworks;
			sourceTree = "<group>";
		};
		4F244578121F0B8300FEE1DA /* Products */ = {
			isa = PBXGroup;
			children = (
				4F24457F121F0B8300FEE1DA /* GTL.framework */,
				4F244581121F0B8300FEE1DA /* libGTLTouchStaticLib.a */,
				4F244583121F0B8300FEE1DA /* GTLUnitTests.octest */,
				4F244585121F0B8300FEE1DA /* DevelopmentTestTool */,
			);
			name = Products;
			sourceTree = "<group>";
		};
		4FB25510138C456400B5C1AE /* Shopping */ = {
			isa = PBXGroup;
			children = (
				4FCCF556155C519B009947E5 /* Generated */,
			);
			name = Shopping;
			path = ../../Source/Services/Shopping;
			sourceTree = SOURCE_ROOT;
		};
		4FB2552C138C456800B5C1AE /* API Services */ = {
			isa = PBXGroup;
			children = (
				4FB25510138C456400B5C1AE /* Shopping */,
			);
			name = "API Services";
			sourceTree = "<group>";
		};
		4FCCF556155C519B009947E5 /* Generated */ = {
			isa = PBXGroup;
			children = (
				4FCCF557155C519B009947E5 /* GTLQueryShopping.h */,
				4FCCF558155C519B009947E5 /* GTLQueryShopping.m */,
				4FCCF559155C519B009947E5 /* GTLServiceShopping.h */,
				4FCCF55A155C519B009947E5 /* GTLServiceShopping.m */,
				4FCCF55B155C519B009947E5 /* GTLShopping.h */,
				4FCCF55C155C519B009947E5 /* GTLShoppingConstants.h */,
				4FCCF55D155C519B009947E5 /* GTLShoppingConstants.m */,
				4FCCF55E155C519B009947E5 /* GTLShoppingModelCategory.h */,
				4FCCF55F155C519B009947E5 /* GTLShoppingModelCategory.m */,
				4FCCF560155C519B009947E5 /* GTLShoppingModelDebug.h */,
				4FCCF561155C519B009947E5 /* GTLShoppingModelDebug.m */,
				4FCCF562155C519B009947E5 /* GTLShoppingModelProduct.h */,
				4FCCF563155C519B009947E5 /* GTLShoppingModelProduct.m */,
				4FCCF564155C519B009947E5 /* GTLShoppingModelRecommendations.h */,
				4FCCF565155C519B009947E5 /* GTLShoppingModelRecommendations.m */,
				4FCCF566155C519B009947E5 /* GTLShoppingProduct.h */,
				4FCCF567155C519B009947E5 /* GTLShoppingProduct.m */,
				4FCCF568155C519B009947E5 /* GTLShoppingProducts.h */,
				4FCCF569155C519B009947E5 /* GTLShoppingProducts.m */,
			);
			path = Generated;
			sourceTree = "<group>";
		};
		4FD0F1D80CBC68E100059DC1 /* Build Scripts */ = {
			isa = PBXGroup;
			children = (
				4FD0F1D90CBC68F300059DC1 /* buildCopyScript */,
				4FD0F1DA0CBC68F300059DC1 /* buildStripHeaders */,
			);
			name = "Build Scripts";
			sourceTree = "<group>";
		};
/* End PBXGroup section */

/* Begin PBXNativeTarget section */
		8D1107260486CEB800E47090 /* ShoppingSample */ = {
			isa = PBXNativeTarget;
			buildConfigurationList = C01FCF4A08A954540054247B /* Build configuration list for PBXNativeTarget "ShoppingSample" */;
			buildPhases = (
				4F62921C11CAE5F700BE36DD /* Copy GTL.framework */,
				8D1107290486CEB800E47090 /* Resources */,
				8D11072C0486CEB800E47090 /* Sources */,
				8D11072E0486CEB800E47090 /* Frameworks */,
				4F38F8970B66FAB700B24B81 /* CopyFiles */,
				4FD0F1DB0CBC690400059DC1 /* Strip Headers */,
			);
			buildRules = (
			);
			dependencies = (
				4F72435F12233E7D001A4AD0 /* PBXTargetDependency */,
			);
			name = ShoppingSample;
			productInstallPath = "$(HOME)/Applications";
			productName = CalendarSample;
			productReference = 8D1107320486CEB800E47090 /* ShoppingSample.app */;
			productType = "com.apple.product-type.application";
		};
/* End PBXNativeTarget section */

/* Begin PBXProject section */
		29B97313FDCFA39411CA2CEA /* Project object */ = {
			isa = PBXProject;
			buildConfigurationList = C01FCF4E08A954540054247B /* Build configuration list for PBXProject "ShoppingSample" */;
			compatibilityVersion = "Xcode 3.2";
			developmentRegion = English;
			hasScannedForEncodings = 1;
			knownRegions = (
				English,
				Japanese,
				French,
				German,
			);
			mainGroup = 29B97314FDCFA39411CA2CEA /* CalendarSample */;
			projectDirPath = "";
			projectReferences = (
				{
					ProductGroup = 4F244578121F0B8300FEE1DA /* Products */;
					ProjectRef = 4F244577121F0B8300FEE1DA /* GTL.xcodeproj */;
				},
			);
			projectRoot = "";
			targets = (
				8D1107260486CEB800E47090 /* ShoppingSample */,
			);
		};
/* End PBXProject section */

/* Begin PBXReferenceProxy section */
		4F24457F121F0B8300FEE1DA /* GTL.framework */ = {
			isa = PBXReferenceProxy;
			fileType = wrapper.framework;
			path = GTL.framework;
			remoteRef = 4F24457E121F0B8300FEE1DA /* PBXContainerItemProxy */;
			sourceTree = BUILT_PRODUCTS_DIR;
		};
		4F244581121F0B8300FEE1DA /* libGTLTouchStaticLib.a */ = {
			isa = PBXReferenceProxy;
			fileType = archive.ar;
			path = libGTLTouchStaticLib.a;
			remoteRef = 4F244580121F0B8300FEE1DA /* PBXContainerItemProxy */;
			sourceTree = BUILT_PRODUCTS_DIR;
		};
		4F244583121F0B8300FEE1DA /* GTLUnitTests.octest */ = {
			isa = PBXReferenceProxy;
			fileType = wrapper.cfbundle;
			path = GTLUnitTests.octest;
			remoteRef = 4F244582121F0B8300FEE1DA /* PBXContainerItemProxy */;
			sourceTree = BUILT_PRODUCTS_DIR;
		};
		4F244585121F0B8300FEE1DA /* DevelopmentTestTool */ = {
			isa = PBXReferenceProxy;
			fileType = "compiled.mach-o.executable";
			path = DevelopmentTestTool;
			remoteRef = 4F244584121F0B8300FEE1DA /* PBXContainerItemProxy */;
			sourceTree = BUILT_PRODUCTS_DIR;
		};
/* End PBXReferenceProxy section */

/* Begin PBXResourcesBuildPhase section */
		8D1107290486CEB800E47090 /* Resources */ = {
			isa = PBXResourcesBuildPhase;
			buildActionMask = 2147483647;
			files = (
				8D11072B0486CEB800E47090 /* InfoPlist.strings in Resources */,
				4FA6F3D41034AEC400C5DFA5 /* MainMenu.xib in Resources */,
				4F6293F811CC21A000BE36DD /* ShoppingSampleWindow.xib in Resources */,
			);
			runOnlyForDeploymentPostprocessing = 0;
		};
/* End PBXResourcesBuildPhase section */

/* Begin PBXShellScriptBuildPhase section */
		4FD0F1DB0CBC690400059DC1 /* Strip Headers */ = {
			isa = PBXShellScriptBuildPhase;
			buildActionMask = 2147483647;
			files = (
			);
			inputPaths = (
			);
			name = "Strip Headers";
			outputPaths = (
			);
			runOnlyForDeploymentPostprocessing = 0;
			shellPath = /bin/sh;
			shellScript = ./buildStripHeaders;
		};
/* End PBXShellScriptBuildPhase section */

/* Begin PBXSourcesBuildPhase section */
		8D11072C0486CEB800E47090 /* Sources */ = {
			isa = PBXSourcesBuildPhase;
			buildActionMask = 2147483647;
			files = (
				8D11072D0486CEB800E47090 /* main.m in Sources */,
				4F6293CE11CC193500BE36DD /* ShoppingSampleAppController.m in Sources */,
				4F6293CF11CC193500BE36DD /* ShoppingSampleWindowController.m in Sources */,
				4FCCF56A155C519B009947E5 /* GTLQueryShopping.m in Sources */,
				4FCCF56B155C519B009947E5 /* GTLServiceShopping.m in Sources */,
				4FCCF56C155C519B009947E5 /* GTLShoppingConstants.m in Sources */,
				4FCCF56D155C519B009947E5 /* GTLShoppingModelCategory.m in Sources */,
				4FCCF56E155C519B009947E5 /* GTLShoppingModelDebug.m in Sources */,
				4FCCF56F155C519B009947E5 /* GTLShoppingModelProduct.m in Sources */,
				4FCCF570155C519B009947E5 /* GTLShoppingModelRecommendations.m in Sources */,
				4FCCF571155C519B009947E5 /* GTLShoppingProduct.m in Sources */,
				4FCCF572155C519B009947E5 /* GTLShoppingProducts.m in Sources */,
			);
			runOnlyForDeploymentPostprocessing = 0;
		};
/* End PBXSourcesBuildPhase section */

/* Begin PBXTargetDependency section */
		4F72435F12233E7D001A4AD0 /* PBXTargetDependency */ = {
			isa = PBXTargetDependency;
			name = GTLFramework;
			targetProxy = 4F72435E12233E7D001A4AD0 /* PBXContainerItemProxy */;
		};
/* End PBXTargetDependency section */

/* Begin PBXVariantGroup section */
		089C165CFE840E0CC02AAC07 /* InfoPlist.strings */ = {
			isa = PBXVariantGroup;
			children = (
				089C165DFE840E0CC02AAC07 /* English */,
			);
			name = InfoPlist.strings;
			sourceTree = "<group>";
		};
		4F6293F611CC21A000BE36DD /* ShoppingSampleWindow.xib */ = {
			isa = PBXVariantGroup;
			children = (
				4F6293F711CC21A000BE36DD /* English */,
			);
			name = ShoppingSampleWindow.xib;
			sourceTree = "<group>";
		};
		4FA6F3D11034AEC400C5DFA5 /* MainMenu.xib */ = {
			isa = PBXVariantGroup;
			children = (
				4FA6F3D21034AEC400C5DFA5 /* English */,
			);
			name = MainMenu.xib;
			sourceTree = "<group>";
		};
/* End PBXVariantGroup section */

/* Begin XCBuildConfiguration section */
		C01FCF4B08A954540054247B /* Debug */ = {
			isa = XCBuildConfiguration;
			buildSettings = {
				COPY_PHASE_STRIP = NO;
				FRAMEWORK_SEARCH_PATHS_QUOTED_1 = "\"$(SRCROOT)/../../Source/build/$(CONFIGURATION)/";
				GCC_DYNAMIC_NO_PIC = NO;
				GCC_MODEL_TUNING = G5;
				GCC_OPTIMIZATION_LEVEL = 0;
				INFOPLIST_FILE = Info.plist;
				INSTALL_PATH = "$(HOME)/Applications";
				PRODUCT_NAME = ShoppingSample;
				WRAPPER_EXTENSION = app;
			};
			name = Debug;
		};
		C01FCF4C08A954540054247B /* Release */ = {
			isa = XCBuildConfiguration;
			buildSettings = {
				FRAMEWORK_SEARCH_PATHS_QUOTED_1 = "\"$(SRCROOT)/../../Source/build/$(CONFIGURATION)/";
				GCC_GENERATE_DEBUGGING_SYMBOLS = NO;
				GCC_MODEL_TUNING = G5;
				INFOPLIST_FILE = Info.plist;
				INSTALL_PATH = "$(HOME)/Applications";
				PRODUCT_NAME = ShoppingSample;
				WRAPPER_EXTENSION = app;
			};
			name = Release;
		};
		C01FCF4F08A954540054247B /* Debug */ = {
			isa = XCBuildConfiguration;
			buildSettings = {
				GCC_C_LANGUAGE_STANDARD = c99;
				GCC_TREAT_WARNINGS_AS_ERRORS = YES;
				GCC_WARN_ABOUT_RETURN_TYPE = YES;
				GCC_WARN_UNUSED_VARIABLE = YES;
				OTHER_CFLAGS = (
					"-DGTL_BUILT_AS_FRAMEWORK=1",
					"-DDEBUG=1",
				);
				SDKROOT = macosx;
				WARNING_CFLAGS = (
					"-Wall",
					"-Werror",
				);
			};
			name = Debug;
		};
		C01FCF5008A954540054247B /* Release */ = {
			isa = XCBuildConfiguration;
			buildSettings = {
				GCC_C_LANGUAGE_STANDARD = c99;
				GCC_TREAT_WARNINGS_AS_ERRORS = YES;
				GCC_WARN_ABOUT_RETURN_TYPE = YES;
				GCC_WARN_UNUSED_VARIABLE = YES;
				OTHER_CFLAGS = "-DGTL_BUILT_AS_FRAMEWORK=1";
				SDKROOT = macosx;
				WARNING_CFLAGS = (
					"-Wall",
					"-Werror",
				);
			};
			name = Release;
		};
/* End XCBuildConfiguration section */

/* Begin XCConfigurationList section */
		C01FCF4A08A954540054247B /* Build configuration list for PBXNativeTarget "ShoppingSample" */ = {
			isa = XCConfigurationList;
			buildConfigurations = (
				C01FCF4B08A954540054247B /* Debug */,
				C01FCF4C08A954540054247B /* Release */,
			);
			defaultConfigurationIsVisible = 0;
			defaultConfigurationName = Release;
		};
		C01FCF4E08A954540054247B /* Build configuration list for PBXProject "ShoppingSample" */ = {
			isa = XCConfigurationList;
			buildConfigurations = (
				C01FCF4F08A954540054247B /* Debug */,
				C01FCF5008A954540054247B /* Release */,
			);
			defaultConfigurationIsVisible = 0;
			defaultConfigurationName = Release;
		};
/* End XCConfigurationList section */
	};
	rootObject = 29B97313FDCFA39411CA2CEA /* Project object */;
}
