<?xml version="1.0" encoding="UTF-8"?>
<!DOCTYPE plist PUBLIC "-//Apple//DTD PLIST 1.0//EN" "http://www.apple.com/DTDs/PropertyList-1.0.dtd">
<plist version="1.0">
<dict>
	<key>archiveVersion</key>
	<string>1</string>
	<key>classes</key>
	<dict/>
	<key>objectVersion</key>
	<string>46</string>
	<key>objects</key>
	<dict>
		<key>0C087814B8C8B3DFEFBDA935</key>
		<dict>
			<key>children</key>
			<array>
				<string>F505FD8B5E26CB4725E08C0D</string>
				<string>99DB0C8B000B7104FFC3E2E0</string>
				<string>5BE2238E325954C158A3BF69</string>
			</array>
			<key>isa</key>
			<string>PBXGroup</string>
			<key>name</key>
			<string>Frameworks</string>
			<key>sourceTree</key>
			<string>&lt;group&gt;</string>
		</dict>
		<key>233DCF5AAE7B67A091F4AADF</key>
		<dict>
			<key>fileRef</key>
			<string>99DB0C8B000B7104FFC3E2E0</string>
			<key>isa</key>
			<string>PBXBuildFile</string>
		</dict>
		<key>23AF88D76287A2465AB88BD9</key>
		<dict>
			<key>includeInIndex</key>
			<string>1</string>
			<key>isa</key>
			<string>PBXFileReference</string>
			<key>lastKnownFileType</key>
			<string>text.xcconfig</string>
			<key>name</key>
			<string>Pods-Firebase.release.xcconfig</string>
			<key>path</key>
			<string>Pods/Target Support Files/Pods-Firebase/Pods-Firebase.release.xcconfig</string>
			<key>sourceTree</key>
			<string>&lt;group&gt;</string>
		</dict>
		<key>33CE5A879B023D33408D64AE</key>
		<dict>
			<key>includeInIndex</key>
			<string>1</string>
			<key>isa</key>
			<string>PBXFileReference</string>
			<key>lastKnownFileType</key>
			<string>text.xcconfig</string>
			<key>name</key>
			<string>Pods-FirebaseTests.release.xcconfig</string>
			<key>path</key>
			<string>Pods/Target Support Files/Pods-FirebaseTests/Pods-FirebaseTests.release.xcconfig</string>
			<key>sourceTree</key>
			<string>&lt;group&gt;</string>
		</dict>
		<key>40A34CAB3CFFFE740D3DFB45</key>
		<dict>
			<key>buildActionMask</key>
			<string>2147483647</string>
			<key>files</key>
			<array/>
			<key>inputPaths</key>
			<array/>
			<key>isa</key>
			<string>PBXShellScriptBuildPhase</string>
			<key>name</key>
			<string>&#128230; Check Pods Manifest.lock</string>
			<key>outputPaths</key>
			<array/>
			<key>runOnlyForDeploymentPostprocessing</key>
			<string>0</string>
			<key>shellPath</key>
			<string>/bin/sh</string>
			<key>shellScript</key>
			<string>diff "${PODS_ROOT}/../Podfile.lock" "${PODS_ROOT}/Manifest.lock" &gt; /dev/null
if [[ $? != 0 ]] ; then
    cat &lt;&lt; EOM
error: The sandbox is not in sync with the Podfile.lock. Run 'pod install' or update your CocoaPods installation.
EOM
    exit 1
fi
</string>
			<key>showEnvVarsInLog</key>
			<string>0</string>
		</dict>
		<key>44492C04FCABCB5FF1015F82</key>
		<dict>
			<key>buildActionMask</key>
			<string>2147483647</string>
			<key>files</key>
			<array/>
			<key>inputPaths</key>
			<array/>
			<key>isa</key>
			<string>PBXShellScriptBuildPhase</string>
			<key>name</key>
			<string>&#128230; Copy Pods Resources</string>
			<key>outputPaths</key>
			<array/>
			<key>runOnlyForDeploymentPostprocessing</key>
			<string>0</string>
			<key>shellPath</key>
			<string>/bin/sh</string>
			<key>shellScript</key>
			<string>"${SRCROOT}/Pods/Target Support Files/Pods-FirebaseTests/Pods-FirebaseTests-resources.sh"
</string>
			<key>showEnvVarsInLog</key>
			<string>0</string>
		</dict>
		<key>4CCB22C199426CD588C5181F</key>
		<dict>
			<key>buildActionMask</key>
			<string>2147483647</string>
			<key>files</key>
			<array/>
			<key>inputPaths</key>
			<array/>
			<key>isa</key>
			<string>PBXShellScriptBuildPhase</string>
			<key>name</key>
			<string>&#128230; Embed Pods Frameworks</string>
			<key>outputPaths</key>
			<array/>
			<key>runOnlyForDeploymentPostprocessing</key>
			<string>0</string>
			<key>shellPath</key>
			<string>/bin/sh</string>
			<key>shellScript</key>
			<string>"${SRCROOT}/Pods/Target Support Files/Pods-Firebase/Pods-Firebase-frameworks.sh"
</string>
			<key>showEnvVarsInLog</key>
			<string>0</string>
		</dict>
		<key>4ED1239DC25274016599963D</key>
		<dict>
			<key>buildActionMask</key>
			<string>2147483647</string>
			<key>files</key>
			<array/>
			<key>inputPaths</key>
			<array/>
			<key>isa</key>
			<string>PBXShellScriptBuildPhase</string>
			<key>name</key>
			<string>&#128230; Check Pods Manifest.lock</string>
			<key>outputPaths</key>
			<array/>
			<key>runOnlyForDeploymentPostprocessing</key>
			<string>0</string>
			<key>shellPath</key>
			<string>/bin/sh</string>
			<key>shellScript</key>
			<string>diff "${PODS_ROOT}/../Podfile.lock" "${PODS_ROOT}/Manifest.lock" &gt; /dev/null
if [[ $? != 0 ]] ; then
    cat &lt;&lt; EOM
error: The sandbox is not in sync with the Podfile.lock. Run 'pod install' or update your CocoaPods installation.
EOM
    exit 1
fi
</string>
			<key>showEnvVarsInLog</key>
			<string>0</string>
		</dict>
		<key>540E235B59BC6B08733ACEAE</key>
		<dict>
			<key>buildActionMask</key>
			<string>2147483647</string>
			<key>files</key>
			<array/>
			<key>inputPaths</key>
			<array/>
			<key>isa</key>
			<string>PBXShellScriptBuildPhase</string>
			<key>name</key>
			<string>&#128230; Copy Pods Resources</string>
			<key>outputPaths</key>
			<array/>
			<key>runOnlyForDeploymentPostprocessing</key>
			<string>0</string>
			<key>shellPath</key>
			<string>/bin/sh</string>
			<key>shellScript</key>
			<string>"${SRCROOT}/Pods/Target Support Files/Pods-FirebaseUITests/Pods-FirebaseUITests-resources.sh"
</string>
			<key>showEnvVarsInLog</key>
			<string>0</string>
		</dict>
		<key>5AFDA21D8AB7D906C1F1FBBE</key>
		<dict>
			<key>fileRef</key>
			<string>F505FD8B5E26CB4725E08C0D</string>
			<key>isa</key>
			<string>PBXBuildFile</string>
		</dict>
		<key>5BE2238E325954C158A3BF69</key>
		<dict>
			<key>explicitFileType</key>
			<string>archive.ar</string>
			<key>includeInIndex</key>
			<string>0</string>
			<key>isa</key>
			<string>PBXFileReference</string>
			<key>path</key>
			<string>libPods-FirebaseUITests.a</string>
			<key>sourceTree</key>
			<string>BUILT_PRODUCTS_DIR</string>
		</dict>
		<key>6F00AA2D1D8C08940029FDCC</key>
		<dict>
			<key>children</key>
			<array>
				<string>6F00AA381D8C08940029FDCC</string>
				<string>6F00AA551D8C08940029FDCC</string>
				<string>6F00AA601D8C08950029FDCC</string>
				<string>6F00AA371D8C08940029FDCC</string>
				<string>ADA7C208FFA2200C2B67B689</string>
				<string>0C087814B8C8B3DFEFBDA935</string>
			</array>
			<key>isa</key>
			<string>PBXGroup</string>
			<key>sourceTree</key>
			<string>&lt;group&gt;</string>
		</dict>
		<key>6F00AA2E1D8C08940029FDCC</key>
		<dict>
			<key>attributes</key>
			<dict>
				<key>LastUpgradeCheck</key>
				<string>0800</string>
				<key>ORGANIZATIONNAME</key>
				<string>Google, Inc.</string>
				<key>TargetAttributes</key>
				<dict>
					<key>6F00AA351D8C08940029FDCC</key>
					<dict>
						<key>CreatedOnToolsVersion</key>
						<string>8.0</string>
						<key>DevelopmentTeam</key>
						<string>AY664TBPX5</string>
						<key>ProvisioningStyle</key>
						<string>Automatic</string>
					</dict>
					<key>6F00AA511D8C08940029FDCC</key>
					<dict>
						<key>CreatedOnToolsVersion</key>
						<string>8.0</string>
						<key>DevelopmentTeam</key>
						<string>AY664TBPX5</string>
						<key>ProvisioningStyle</key>
						<string>Automatic</string>
						<key>TestTargetID</key>
						<string>6F00AA351D8C08940029FDCC</string>
					</dict>
					<key>6F00AA5C1D8C08950029FDCC</key>
					<dict>
						<key>CreatedOnToolsVersion</key>
						<string>8.0</string>
						<key>DevelopmentTeam</key>
						<string>AY664TBPX5</string>
						<key>ProvisioningStyle</key>
						<string>Automatic</string>
						<key>TestTargetID</key>
						<string>6F00AA351D8C08940029FDCC</string>
					</dict>
				</dict>
			</dict>
			<key>buildConfigurationList</key>
			<string>6F00AA311D8C08940029FDCC</string>
			<key>compatibilityVersion</key>
			<string>Xcode 3.2</string>
			<key>developmentRegion</key>
			<string>English</string>
			<key>hasScannedForEncodings</key>
			<string>0</string>
			<key>isa</key>
			<string>PBXProject</string>
			<key>knownRegions</key>
			<array>
				<string>en</string>
				<string>Base</string>
			</array>
			<key>mainGroup</key>
			<string>6F00AA2D1D8C08940029FDCC</string>
			<key>productRefGroup</key>
			<string>6F00AA371D8C08940029FDCC</string>
			<key>projectDirPath</key>
			<string></string>
			<key>projectReferences</key>
			<array/>
			<key>projectRoot</key>
			<string></string>
			<key>targets</key>
			<array>
				<string>6F00AA351D8C08940029FDCC</string>
				<string>6F00AA511D8C08940029FDCC</string>
				<string>6F00AA5C1D8C08950029FDCC</string>
			</array>
		</dict>
		<key>6F00AA311D8C08940029FDCC</key>
		<dict>
			<key>buildConfigurations</key>
			<array>
				<string>6F00AA641D8C08950029FDCC</string>
				<string>6F00AA651D8C08950029FDCC</string>
			</array>
			<key>defaultConfigurationIsVisible</key>
			<string>0</string>
			<key>defaultConfigurationName</key>
			<string>Release</string>
			<key>isa</key>
			<string>XCConfigurationList</string>
		</dict>
		<key>6F00AA321D8C08940029FDCC</key>
		<dict>
			<key>buildActionMask</key>
			<string>2147483647</string>
			<key>files</key>
			<array>
				<string>6F00AA411D8C08940029FDCC</string>
				<string>6F00AA3E1D8C08940029FDCC</string>
				<string>6F00AA471D8C08940029FDCC</string>
				<string>6F00AA3B1D8C08940029FDCC</string>
			</array>
			<key>isa</key>
			<string>PBXSourcesBuildPhase</string>
			<key>runOnlyForDeploymentPostprocessing</key>
			<string>0</string>
		</dict>
		<key>6F00AA331D8C08940029FDCC</key>
		<dict>
			<key>buildActionMask</key>
			<string>2147483647</string>
			<key>files</key>
			<array>
				<string>5AFDA21D8AB7D906C1F1FBBE</string>
			</array>
			<key>isa</key>
			<string>PBXFrameworksBuildPhase</string>
			<key>runOnlyForDeploymentPostprocessing</key>
			<string>0</string>
		</dict>
		<key>6F00AA341D8C08940029FDCC</key>
		<dict>
			<key>buildActionMask</key>
			<string>2147483647</string>
			<key>files</key>
			<array>
				<string>6F00AA4C1D8C08940029FDCC</string>
				<string>6F00AA491D8C08940029FDCC</string>
				<string>6F00AA441D8C08940029FDCC</string>
			</array>
			<key>isa</key>
			<string>PBXResourcesBuildPhase</string>
			<key>runOnlyForDeploymentPostprocessing</key>
			<string>0</string>
		</dict>
		<key>6F00AA351D8C08940029FDCC</key>
		<dict>
			<key>buildConfigurationList</key>
			<string>6F00AA661D8C08950029FDCC</string>
			<key>buildPhases</key>
			<array>
				<string>DF44A2ABDC26407D22C4AB38</string>
				<string>6F00AA321D8C08940029FDCC</string>
				<string>6F00AA331D8C08940029FDCC</string>
				<string>6F00AA341D8C08940029FDCC</string>
				<string>4CCB22C199426CD588C5181F</string>
				<string>9163C4333D6C9DA79F1FD912</string>
			</array>
			<key>buildRules</key>
			<array/>
			<key>dependencies</key>
			<array/>
			<key>isa</key>
			<string>PBXNativeTarget</string>
			<key>name</key>
			<string>Firebase</string>
			<key>productName</key>
			<string>Firebase</string>
			<key>productReference</key>
			<string>6F00AA361D8C08940029FDCC</string>
			<key>productType</key>
			<string>com.apple.product-type.application</string>
		</dict>
		<key>6F00AA361D8C08940029FDCC</key>
		<dict>
			<key>explicitFileType</key>
			<string>wrapper.application</string>
			<key>includeInIndex</key>
			<string>0</string>
			<key>isa</key>
			<string>PBXFileReference</string>
			<key>path</key>
			<string>Firebase.app</string>
			<key>sourceTree</key>
			<string>BUILT_PRODUCTS_DIR</string>
		</dict>
		<key>6F00AA371D8C08940029FDCC</key>
		<dict>
			<key>children</key>
			<array>
				<string>6F00AA361D8C08940029FDCC</string>
				<string>6F00AA521D8C08940029FDCC</string>
				<string>6F00AA5D1D8C08950029FDCC</string>
			</array>
			<key>isa</key>
			<string>PBXGroup</string>
			<key>name</key>
			<string>Products</string>
			<key>sourceTree</key>
			<string>&lt;group&gt;</string>
		</dict>
		<key>6F00AA381D8C08940029FDCC</key>
		<dict>
			<key>children</key>
			<array>
				<string>6F00AA3C1D8C08940029FDCC</string>
				<string>6F00AA3D1D8C08940029FDCC</string>
				<string>6F00AA3F1D8C08940029FDCC</string>
				<string>6F00AA401D8C08940029FDCC</string>
				<string>6F00AA421D8C08940029FDCC</string>
				<string>6F00AA481D8C08940029FDCC</string>
				<string>6F00AA4A1D8C08940029FDCC</string>
				<string>6F00AA4D1D8C08940029FDCC</string>
				<string>6F00AA451D8C08940029FDCC</string>
				<string>6F00AA391D8C08940029FDCC</string>
			</array>
			<key>isa</key>
			<string>PBXGroup</string>
			<key>path</key>
			<string>Firebase</string>
			<key>sourceTree</key>
			<string>&lt;group&gt;</string>
		</dict>
		<key>6F00AA391D8C08940029FDCC</key>
		<dict>
			<key>children</key>
			<array>
				<string>6F00AA3A1D8C08940029FDCC</string>
			</array>
			<key>isa</key>
			<string>PBXGroup</string>
			<key>name</key>
			<string>Supporting Files</string>
			<key>sourceTree</key>
			<string>&lt;group&gt;</string>
		</dict>
		<key>6F00AA3A1D8C08940029FDCC</key>
		<dict>
			<key>isa</key>
			<string>PBXFileReference</string>
			<key>lastKnownFileType</key>
			<string>sourcecode.c.objc</string>
			<key>path</key>
			<string>main.m</string>
			<key>sourceTree</key>
			<string>&lt;group&gt;</string>
		</dict>
		<key>6F00AA3B1D8C08940029FDCC</key>
		<dict>
			<key>fileRef</key>
			<string>6F00AA3A1D8C08940029FDCC</string>
			<key>isa</key>
			<string>PBXBuildFile</string>
		</dict>
		<key>6F00AA3C1D8C08940029FDCC</key>
		<dict>
			<key>isa</key>
			<string>PBXFileReference</string>
			<key>lastKnownFileType</key>
			<string>sourcecode.c.h</string>
			<key>path</key>
			<string>AppDelegate.h</string>
			<key>sourceTree</key>
			<string>&lt;group&gt;</string>
		</dict>
		<key>6F00AA3D1D8C08940029FDCC</key>
		<dict>
			<key>isa</key>
			<string>PBXFileReference</string>
			<key>lastKnownFileType</key>
			<string>sourcecode.c.objc</string>
			<key>path</key>
			<string>AppDelegate.m</string>
			<key>sourceTree</key>
			<string>&lt;group&gt;</string>
		</dict>
		<key>6F00AA3E1D8C08940029FDCC</key>
		<dict>
			<key>fileRef</key>
			<string>6F00AA3D1D8C08940029FDCC</string>
			<key>isa</key>
			<string>PBXBuildFile</string>
		</dict>
		<key>6F00AA3F1D8C08940029FDCC</key>
		<dict>
			<key>isa</key>
			<string>PBXFileReference</string>
			<key>lastKnownFileType</key>
			<string>sourcecode.c.h</string>
			<key>path</key>
			<string>ViewController.h</string>
			<key>sourceTree</key>
			<string>&lt;group&gt;</string>
		</dict>
		<key>6F00AA401D8C08940029FDCC</key>
		<dict>
			<key>isa</key>
			<string>PBXFileReference</string>
			<key>lastKnownFileType</key>
			<string>sourcecode.c.objc</string>
			<key>path</key>
			<string>ViewController.m</string>
			<key>sourceTree</key>
			<string>&lt;group&gt;</string>
		</dict>
		<key>6F00AA411D8C08940029FDCC</key>
		<dict>
			<key>fileRef</key>
			<string>6F00AA401D8C08940029FDCC</string>
			<key>isa</key>
			<string>PBXBuildFile</string>
		</dict>
		<key>6F00AA421D8C08940029FDCC</key>
		<dict>
			<key>children</key>
			<array>
				<string>6F00AA431D8C08940029FDCC</string>
			</array>
			<key>isa</key>
			<string>PBXVariantGroup</string>
			<key>name</key>
			<string>Main.storyboard</string>
			<key>sourceTree</key>
			<string>&lt;group&gt;</string>
		</dict>
		<key>6F00AA431D8C08940029FDCC</key>
		<dict>
			<key>isa</key>
			<string>PBXFileReference</string>
			<key>lastKnownFileType</key>
			<string>file.storyboard</string>
			<key>name</key>
			<string>Base</string>
			<key>path</key>
			<string>Base.lproj/Main.storyboard</string>
			<key>sourceTree</key>
			<string>&lt;group&gt;</string>
		</dict>
		<key>6F00AA441D8C08940029FDCC</key>
		<dict>
			<key>fileRef</key>
			<string>6F00AA421D8C08940029FDCC</string>
			<key>isa</key>
			<string>PBXBuildFile</string>
		</dict>
		<key>6F00AA451D8C08940029FDCC</key>
		<dict>
			<key>children</key>
			<array>
				<string>6F00AA461D8C08940029FDCC</string>
			</array>
			<key>currentVersion</key>
			<string>6F00AA461D8C08940029FDCC</string>
			<key>isa</key>
			<string>XCVersionGroup</string>
			<key>path</key>
			<string>Firebase.xcdatamodeld</string>
			<key>sourceTree</key>
			<string>&lt;group&gt;</string>
			<key>versionGroupType</key>
			<string>wrapper.xcdatamodel</string>
		</dict>
		<key>6F00AA461D8C08940029FDCC</key>
		<dict>
			<key>isa</key>
			<string>PBXFileReference</string>
			<key>lastKnownFileType</key>
			<string>wrapper.xcdatamodel</string>
			<key>path</key>
			<string>Firebase.xcdatamodel</string>
			<key>sourceTree</key>
			<string>&lt;group&gt;</string>
		</dict>
		<key>6F00AA471D8C08940029FDCC</key>
		<dict>
			<key>fileRef</key>
			<string>6F00AA451D8C08940029FDCC</string>
			<key>isa</key>
			<string>PBXBuildFile</string>
		</dict>
		<key>6F00AA481D8C08940029FDCC</key>
		<dict>
			<key>isa</key>
			<string>PBXFileReference</string>
			<key>lastKnownFileType</key>
			<string>folder.assetcatalog</string>
			<key>path</key>
			<string>Assets.xcassets</string>
			<key>sourceTree</key>
			<string>&lt;group&gt;</string>
		</dict>
		<key>6F00AA491D8C08940029FDCC</key>
		<dict>
			<key>fileRef</key>
			<string>6F00AA481D8C08940029FDCC</string>
			<key>isa</key>
			<string>PBXBuildFile</string>
		</dict>
		<key>6F00AA4A1D8C08940029FDCC</key>
		<dict>
			<key>children</key>
			<array>
				<string>6F00AA4B1D8C08940029FDCC</string>
			</array>
			<key>isa</key>
			<string>PBXVariantGroup</string>
			<key>name</key>
			<string>LaunchScreen.storyboard</string>
			<key>sourceTree</key>
			<string>&lt;group&gt;</string>
		</dict>
		<key>6F00AA4B1D8C08940029FDCC</key>
		<dict>
			<key>isa</key>
			<string>PBXFileReference</string>
			<key>lastKnownFileType</key>
			<string>file.storyboard</string>
			<key>name</key>
			<string>Base</string>
			<key>path</key>
			<string>Base.lproj/LaunchScreen.storyboard</string>
			<key>sourceTree</key>
			<string>&lt;group&gt;</string>
		</dict>
		<key>6F00AA4C1D8C08940029FDCC</key>
		<dict>
			<key>fileRef</key>
			<string>6F00AA4A1D8C08940029FDCC</string>
			<key>isa</key>
			<string>PBXBuildFile</string>
		</dict>
		<key>6F00AA4D1D8C08940029FDCC</key>
		<dict>
			<key>isa</key>
			<string>PBXFileReference</string>
			<key>lastKnownFileType</key>
			<string>text.plist.xml</string>
			<key>path</key>
			<string>Info.plist</string>
			<key>sourceTree</key>
			<string>&lt;group&gt;</string>
		</dict>
		<key>6F00AA4E1D8C08940029FDCC</key>
		<dict>
			<key>buildActionMask</key>
			<string>2147483647</string>
			<key>files</key>
			<array>
				<string>6F00AA571D8C08940029FDCC</string>
			</array>
			<key>isa</key>
			<string>PBXSourcesBuildPhase</string>
			<key>runOnlyForDeploymentPostprocessing</key>
			<string>0</string>
		</dict>
		<key>6F00AA4F1D8C08940029FDCC</key>
		<dict>
			<key>buildActionMask</key>
			<string>2147483647</string>
			<key>files</key>
			<array>
				<string>233DCF5AAE7B67A091F4AADF</string>
			</array>
			<key>isa</key>
			<string>PBXFrameworksBuildPhase</string>
			<key>runOnlyForDeploymentPostprocessing</key>
			<string>0</string>
		</dict>
		<key>6F00AA501D8C08940029FDCC</key>
		<dict>
			<key>buildActionMask</key>
			<string>2147483647</string>
			<key>files</key>
			<array/>
			<key>isa</key>
			<string>PBXResourcesBuildPhase</string>
			<key>runOnlyForDeploymentPostprocessing</key>
			<string>0</string>
		</dict>
		<key>6F00AA511D8C08940029FDCC</key>
		<dict>
			<key>buildConfigurationList</key>
			<string>6F00AA691D8C08950029FDCC</string>
			<key>buildPhases</key>
			<array>
				<string>40A34CAB3CFFFE740D3DFB45</string>
				<string>6F00AA4E1D8C08940029FDCC</string>
				<string>6F00AA4F1D8C08940029FDCC</string>
				<string>6F00AA501D8C08940029FDCC</string>
				<string>9CD54F05EF4C438693E93CDD</string>
				<string>44492C04FCABCB5FF1015F82</string>
			</array>
			<key>buildRules</key>
			<array/>
			<key>dependencies</key>
			<array>
				<string>6F00AA541D8C08940029FDCC</string>
			</array>
			<key>isa</key>
			<string>PBXNativeTarget</string>
			<key>name</key>
			<string>FirebaseTests</string>
			<key>productName</key>
			<string>FirebaseTests</string>
			<key>productReference</key>
			<string>6F00AA521D8C08940029FDCC</string>
			<key>productType</key>
			<string>com.apple.product-type.bundle.unit-test</string>
		</dict>
		<key>6F00AA521D8C08940029FDCC</key>
		<dict>
			<key>explicitFileType</key>
			<string>wrapper.cfbundle</string>
			<key>includeInIndex</key>
			<string>0</string>
			<key>isa</key>
			<string>PBXFileReference</string>
			<key>path</key>
			<string>FirebaseTests.xctest</string>
			<key>sourceTree</key>
			<string>BUILT_PRODUCTS_DIR</string>
		</dict>
		<key>6F00AA531D8C08940029FDCC</key>
		<dict>
			<key>containerPortal</key>
			<string>6F00AA2E1D8C08940029FDCC</string>
			<key>isa</key>
			<string>PBXContainerItemProxy</string>
			<key>proxyType</key>
			<string>1</string>
			<key>remoteGlobalIDString</key>
			<string>6F00AA351D8C08940029FDCC</string>
			<key>remoteInfo</key>
			<string>Firebase</string>
		</dict>
		<key>6F00AA541D8C08940029FDCC</key>
		<dict>
			<key>isa</key>
			<string>PBXTargetDependency</string>
			<key>target</key>
			<string>6F00AA351D8C08940029FDCC</string>
			<key>targetProxy</key>
			<string>6F00AA531D8C08940029FDCC</string>
		</dict>
		<key>6F00AA551D8C08940029FDCC</key>
		<dict>
			<key>children</key>
			<array>
				<string>6F00AA561D8C08940029FDCC</string>
				<string>6F00AA581D8C08950029FDCC</string>
			</array>
			<key>isa</key>
			<string>PBXGroup</string>
			<key>path</key>
			<string>FirebaseTests</string>
			<key>sourceTree</key>
			<string>&lt;group&gt;</string>
		</dict>
		<key>6F00AA561D8C08940029FDCC</key>
		<dict>
			<key>isa</key>
			<string>PBXFileReference</string>
			<key>lastKnownFileType</key>
			<string>sourcecode.c.objc</string>
			<key>path</key>
			<string>FirebaseTests.m</string>
			<key>sourceTree</key>
			<string>&lt;group&gt;</string>
		</dict>
		<key>6F00AA571D8C08940029FDCC</key>
		<dict>
			<key>fileRef</key>
			<string>6F00AA561D8C08940029FDCC</string>
			<key>isa</key>
			<string>PBXBuildFile</string>
		</dict>
		<key>6F00AA581D8C08950029FDCC</key>
		<dict>
			<key>isa</key>
			<string>PBXFileReference</string>
			<key>lastKnownFileType</key>
			<string>text.plist.xml</string>
			<key>path</key>
			<string>Info.plist</string>
			<key>sourceTree</key>
			<string>&lt;group&gt;</string>
		</dict>
		<key>6F00AA591D8C08950029FDCC</key>
		<dict>
			<key>buildActionMask</key>
			<string>2147483647</string>
			<key>files</key>
			<array>
				<string>6F00AA621D8C08950029FDCC</string>
			</array>
			<key>isa</key>
			<string>PBXSourcesBuildPhase</string>
			<key>runOnlyForDeploymentPostprocessing</key>
			<string>0</string>
		</dict>
		<key>6F00AA5A1D8C08950029FDCC</key>
		<dict>
			<key>buildActionMask</key>
			<string>2147483647</string>
			<key>files</key>
			<array>
				<string>FABB355A1E9C89323BF202F9</string>
			</array>
			<key>isa</key>
			<string>PBXFrameworksBuildPhase</string>
			<key>runOnlyForDeploymentPostprocessing</key>
			<string>0</string>
		</dict>
		<key>6F00AA5B1D8C08950029FDCC</key>
		<dict>
			<key>buildActionMask</key>
			<string>2147483647</string>
			<key>files</key>
			<array/>
			<key>isa</key>
			<string>PBXResourcesBuildPhase</string>
			<key>runOnlyForDeploymentPostprocessing</key>
			<string>0</string>
		</dict>
		<key>6F00AA5C1D8C08950029FDCC</key>
		<dict>
			<key>buildConfigurationList</key>
			<string>6F00AA6C1D8C08950029FDCC</string>
			<key>buildPhases</key>
			<array>
				<string>4ED1239DC25274016599963D</string>
				<string>6F00AA591D8C08950029FDCC</string>
				<string>6F00AA5A1D8C08950029FDCC</string>
				<string>6F00AA5B1D8C08950029FDCC</string>
				<string>540E235B59BC6B08733ACEAE</string>
			</array>
			<key>buildRules</key>
			<array/>
			<key>dependencies</key>
			<array>
				<string>6F00AA5F1D8C08950029FDCC</string>
			</array>
			<key>isa</key>
			<string>PBXNativeTarget</string>
			<key>name</key>
			<string>FirebaseUITests</string>
			<key>productName</key>
			<string>FirebaseUITests</string>
			<key>productReference</key>
			<string>6F00AA5D1D8C08950029FDCC</string>
			<key>productType</key>
			<string>com.apple.product-type.bundle.ui-testing</string>
		</dict>
		<key>6F00AA5D1D8C08950029FDCC</key>
		<dict>
			<key>explicitFileType</key>
			<string>wrapper.cfbundle</string>
			<key>includeInIndex</key>
			<string>0</string>
			<key>isa</key>
			<string>PBXFileReference</string>
			<key>path</key>
			<string>FirebaseUITests.xctest</string>
			<key>sourceTree</key>
			<string>BUILT_PRODUCTS_DIR</string>
		</dict>
		<key>6F00AA5E1D8C08950029FDCC</key>
		<dict>
			<key>containerPortal</key>
			<string>6F00AA2E1D8C08940029FDCC</string>
			<key>isa</key>
			<string>PBXContainerItemProxy</string>
			<key>proxyType</key>
			<string>1</string>
			<key>remoteGlobalIDString</key>
			<string>6F00AA351D8C08940029FDCC</string>
			<key>remoteInfo</key>
			<string>Firebase</string>
		</dict>
		<key>6F00AA5F1D8C08950029FDCC</key>
		<dict>
			<key>isa</key>
			<string>PBXTargetDependency</string>
			<key>target</key>
			<string>6F00AA351D8C08940029FDCC</string>
			<key>targetProxy</key>
			<string>6F00AA5E1D8C08950029FDCC</string>
		</dict>
		<key>6F00AA601D8C08950029FDCC</key>
		<dict>
			<key>children</key>
			<array>
				<string>6F00AA611D8C08950029FDCC</string>
				<string>6F00AA631D8C08950029FDCC</string>
			</array>
			<key>isa</key>
			<string>PBXGroup</string>
			<key>path</key>
			<string>FirebaseUITests</string>
			<key>sourceTree</key>
			<string>&lt;group&gt;</string>
		</dict>
		<key>6F00AA611D8C08950029FDCC</key>
		<dict>
			<key>isa</key>
			<string>PBXFileReference</string>
			<key>lastKnownFileType</key>
			<string>sourcecode.c.objc</string>
			<key>path</key>
			<string>FirebaseUITests.m</string>
			<key>sourceTree</key>
			<string>&lt;group&gt;</string>
		</dict>
		<key>6F00AA621D8C08950029FDCC</key>
		<dict>
			<key>fileRef</key>
			<string>6F00AA611D8C08950029FDCC</string>
			<key>isa</key>
			<string>PBXBuildFile</string>
		</dict>
		<key>6F00AA631D8C08950029FDCC</key>
		<dict>
			<key>isa</key>
			<string>PBXFileReference</string>
			<key>lastKnownFileType</key>
			<string>text.plist.xml</string>
			<key>path</key>
			<string>Info.plist</string>
			<key>sourceTree</key>
			<string>&lt;group&gt;</string>
		</dict>
		<key>6F00AA641D8C08950029FDCC</key>
		<dict>
			<key>buildSettings</key>
			<dict>
				<key>ALWAYS_SEARCH_USER_PATHS</key>
				<string>NO</string>
				<key>CLANG_ANALYZER_NONNULL</key>
				<string>YES</string>
				<key>CLANG_CXX_LANGUAGE_STANDARD</key>
				<string>gnu++0x</string>
				<key>CLANG_CXX_LIBRARY</key>
				<string>libc++</string>
				<key>CLANG_ENABLE_MODULES</key>
				<string>YES</string>
				<key>CLANG_ENABLE_OBJC_ARC</key>
				<string>YES</string>
				<key>CLANG_WARN_BOOL_CONVERSION</key>
				<string>YES</string>
				<key>CLANG_WARN_CONSTANT_CONVERSION</key>
				<string>YES</string>
				<key>CLANG_WARN_DIRECT_OBJC_ISA_USAGE</key>
				<string>YES_ERROR</string>
				<key>CLANG_WARN_DOCUMENTATION_COMMENTS</key>
				<string>YES</string>
				<key>CLANG_WARN_EMPTY_BODY</key>
				<string>YES</string>
				<key>CLANG_WARN_ENUM_CONVERSION</key>
				<string>YES</string>
				<key>CLANG_WARN_INFINITE_RECURSION</key>
				<string>YES</string>
				<key>CLANG_WARN_INT_CONVERSION</key>
				<string>YES</string>
				<key>CLANG_WARN_OBJC_ROOT_CLASS</key>
				<string>YES_ERROR</string>
				<key>CLANG_WARN_SUSPICIOUS_MOVES</key>
				<string>YES</string>
				<key>CLANG_WARN_UNREACHABLE_CODE</key>
				<string>YES</string>
				<key>CLANG_WARN__DUPLICATE_METHOD_MATCH</key>
				<string>YES</string>
				<key>CODE_SIGN_IDENTITY[sdk=iphoneos*]</key>
				<string>iPhone Developer</string>
				<key>COPY_PHASE_STRIP</key>
				<string>NO</string>
				<key>DEBUG_INFORMATION_FORMAT</key>
				<string>dwarf</string>
				<key>ENABLE_STRICT_OBJC_MSGSEND</key>
				<string>YES</string>
				<key>ENABLE_TESTABILITY</key>
				<string>YES</string>
				<key>GCC_C_LANGUAGE_STANDARD</key>
				<string>gnu99</string>
				<key>GCC_DYNAMIC_NO_PIC</key>
				<string>NO</string>
				<key>GCC_NO_COMMON_BLOCKS</key>
				<string>YES</string>
				<key>GCC_OPTIMIZATION_LEVEL</key>
				<string>0</string>
				<key>GCC_PREPROCESSOR_DEFINITIONS</key>
				<array>
					<string>DEBUG=1</string>
					<string>$(inherited)</string>
				</array>
				<key>GCC_WARN_64_TO_32_BIT_CONVERSION</key>
				<string>YES</string>
				<key>GCC_WARN_ABOUT_RETURN_TYPE</key>
				<string>YES_ERROR</string>
				<key>GCC_WARN_UNDECLARED_SELECTOR</key>
				<string>YES</string>
				<key>GCC_WARN_UNINITIALIZED_AUTOS</key>
				<string>YES_AGGRESSIVE</string>
				<key>GCC_WARN_UNUSED_FUNCTION</key>
				<string>YES</string>
				<key>GCC_WARN_UNUSED_VARIABLE</key>
				<string>YES</string>
				<key>IPHONEOS_DEPLOYMENT_TARGET</key>
				<string>10.0</string>
				<key>MTL_ENABLE_DEBUG_INFO</key>
				<string>YES</string>
				<key>ONLY_ACTIVE_ARCH</key>
				<string>YES</string>
				<key>SDKROOT</key>
				<string>iphoneos</string>
				<key>TARGETED_DEVICE_FAMILY</key>
				<string>1,2</string>
			</dict>
			<key>isa</key>
			<string>XCBuildConfiguration</string>
			<key>name</key>
			<string>Debug</string>
		</dict>
		<key>6F00AA651D8C08950029FDCC</key>
		<dict>
			<key>buildSettings</key>
			<dict>
				<key>ALWAYS_SEARCH_USER_PATHS</key>
				<string>NO</string>
				<key>CLANG_ANALYZER_NONNULL</key>
				<string>YES</string>
				<key>CLANG_CXX_LANGUAGE_STANDARD</key>
				<string>gnu++0x</string>
				<key>CLANG_CXX_LIBRARY</key>
				<string>libc++</string>
				<key>CLANG_ENABLE_MODULES</key>
				<string>YES</string>
				<key>CLANG_ENABLE_OBJC_ARC</key>
				<string>YES</string>
				<key>CLANG_WARN_BOOL_CONVERSION</key>
				<string>YES</string>
				<key>CLANG_WARN_CONSTANT_CONVERSION</key>
				<string>YES</string>
				<key>CLANG_WARN_DIRECT_OBJC_ISA_USAGE</key>
				<string>YES_ERROR</string>
				<key>CLANG_WARN_DOCUMENTATION_COMMENTS</key>
				<string>YES</string>
				<key>CLANG_WARN_EMPTY_BODY</key>
				<string>YES</string>
				<key>CLANG_WARN_ENUM_CONVERSION</key>
				<string>YES</string>
				<key>CLANG_WARN_INFINITE_RECURSION</key>
				<string>YES</string>
				<key>CLANG_WARN_INT_CONVERSION</key>
				<string>YES</string>
				<key>CLANG_WARN_OBJC_ROOT_CLASS</key>
				<string>YES_ERROR</string>
				<key>CLANG_WARN_SUSPICIOUS_MOVES</key>
				<string>YES</string>
				<key>CLANG_WARN_UNREACHABLE_CODE</key>
				<string>YES</string>
				<key>CLANG_WARN__DUPLICATE_METHOD_MATCH</key>
				<string>YES</string>
				<key>CODE_SIGN_IDENTITY[sdk=iphoneos*]</key>
				<string>iPhone Developer</string>
				<key>COPY_PHASE_STRIP</key>
				<string>NO</string>
				<key>DEBUG_INFORMATION_FORMAT</key>
				<string>dwarf-with-dsym</string>
				<key>ENABLE_NS_ASSERTIONS</key>
				<string>NO</string>
				<key>ENABLE_STRICT_OBJC_MSGSEND</key>
				<string>YES</string>
				<key>GCC_C_LANGUAGE_STANDARD</key>
				<string>gnu99</string>
				<key>GCC_NO_COMMON_BLOCKS</key>
				<string>YES</string>
				<key>GCC_WARN_64_TO_32_BIT_CONVERSION</key>
				<string>YES</string>
				<key>GCC_WARN_ABOUT_RETURN_TYPE</key>
				<string>YES_ERROR</string>
				<key>GCC_WARN_UNDECLARED_SELECTOR</key>
				<string>YES</string>
				<key>GCC_WARN_UNINITIALIZED_AUTOS</key>
				<string>YES_AGGRESSIVE</string>
				<key>GCC_WARN_UNUSED_FUNCTION</key>
				<string>YES</string>
				<key>GCC_WARN_UNUSED_VARIABLE</key>
				<string>YES</string>
				<key>IPHONEOS_DEPLOYMENT_TARGET</key>
				<string>10.0</string>
				<key>MTL_ENABLE_DEBUG_INFO</key>
				<string>NO</string>
				<key>SDKROOT</key>
				<string>iphoneos</string>
				<key>TARGETED_DEVICE_FAMILY</key>
				<string>1,2</string>
				<key>VALIDATE_PRODUCT</key>
				<string>YES</string>
			</dict>
			<key>isa</key>
			<string>XCBuildConfiguration</string>
			<key>name</key>
			<string>Release</string>
		</dict>
		<key>6F00AA661D8C08950029FDCC</key>
		<dict>
			<key>buildConfigurations</key>
			<array>
				<string>6F00AA671D8C08950029FDCC</string>
				<string>6F00AA681D8C08950029FDCC</string>
			</array>
			<key>defaultConfigurationIsVisible</key>
			<string>0</string>
			<key>isa</key>
			<string>XCConfigurationList</string>
		</dict>
		<key>6F00AA671D8C08950029FDCC</key>
		<dict>
			<key>baseConfigurationReference</key>
			<string>8971989B767B7D6AA62A65B0</string>
			<key>buildSettings</key>
			<dict>
				<key>ASSETCATALOG_COMPILER_APPICON_NAME</key>
				<string>AppIcon</string>
				<key>DEVELOPMENT_TEAM</key>
				<string>AY664TBPX5</string>
				<key>INFOPLIST_FILE</key>
				<string>Firebase/Info.plist</string>
				<key>LD_RUNPATH_SEARCH_PATHS</key>
				<string>$(inherited) @executable_path/Frameworks</string>
				<key>PRODUCT_BUNDLE_IDENTIFIER</key>
				<string>com.google.Firebase</string>
				<key>PRODUCT_NAME</key>
				<string>$(TARGET_NAME)</string>
			</dict>
			<key>isa</key>
			<string>XCBuildConfiguration</string>
			<key>name</key>
			<string>Debug</string>
		</dict>
		<key>6F00AA681D8C08950029FDCC</key>
		<dict>
			<key>baseConfigurationReference</key>
			<string>23AF88D76287A2465AB88BD9</string>
			<key>buildSettings</key>
			<dict>
				<key>ASSETCATALOG_COMPILER_APPICON_NAME</key>
				<string>AppIcon</string>
				<key>DEVELOPMENT_TEAM</key>
				<string>AY664TBPX5</string>
				<key>INFOPLIST_FILE</key>
				<string>Firebase/Info.plist</string>
				<key>LD_RUNPATH_SEARCH_PATHS</key>
				<string>$(inherited) @executable_path/Frameworks</string>
				<key>PRODUCT_BUNDLE_IDENTIFIER</key>
				<string>com.google.Firebase</string>
				<key>PRODUCT_NAME</key>
				<string>$(TARGET_NAME)</string>
			</dict>
			<key>isa</key>
			<string>XCBuildConfiguration</string>
			<key>name</key>
			<string>Release</string>
		</dict>
		<key>6F00AA691D8C08950029FDCC</key>
		<dict>
			<key>buildConfigurations</key>
			<array>
				<string>6F00AA6A1D8C08950029FDCC</string>
				<string>6F00AA6B1D8C08950029FDCC</string>
			</array>
			<key>defaultConfigurationIsVisible</key>
			<string>0</string>
			<key>isa</key>
			<string>XCConfigurationList</string>
		</dict>
		<key>6F00AA6A1D8C08950029FDCC</key>
		<dict>
			<key>baseConfigurationReference</key>
			<string>EAED20C50B5C413CFE6D7E12</string>
			<key>buildSettings</key>
			<dict>
				<key>BUNDLE_LOADER</key>
				<string>$(TEST_HOST)</string>
				<key>DEVELOPMENT_TEAM</key>
				<string>AY664TBPX5</string>
				<key>INFOPLIST_FILE</key>
				<string>FirebaseTests/Info.plist</string>
				<key>LD_RUNPATH_SEARCH_PATHS</key>
				<string>$(inherited) @executable_path/Frameworks @loader_path/Frameworks</string>
				<key>PRODUCT_BUNDLE_IDENTIFIER</key>
				<string>com.google.FirebaseTests</string>
				<key>PRODUCT_NAME</key>
				<string>$(TARGET_NAME)</string>
				<key>TEST_HOST</key>
				<string>$(BUILT_PRODUCTS_DIR)/Firebase.app/Firebase</string>
			</dict>
			<key>isa</key>
			<string>XCBuildConfiguration</string>
			<key>name</key>
			<string>Debug</string>
		</dict>
		<key>6F00AA6B1D8C08950029FDCC</key>
		<dict>
			<key>baseConfigurationReference</key>
			<string>33CE5A879B023D33408D64AE</string>
			<key>buildSettings</key>
			<dict>
				<key>BUNDLE_LOADER</key>
				<string>$(TEST_HOST)</string>
				<key>DEVELOPMENT_TEAM</key>
				<string>AY664TBPX5</string>
				<key>INFOPLIST_FILE</key>
				<string>FirebaseTests/Info.plist</string>
				<key>LD_RUNPATH_SEARCH_PATHS</key>
				<string>$(inherited) @executable_path/Frameworks @loader_path/Frameworks</string>
				<key>PRODUCT_BUNDLE_IDENTIFIER</key>
				<string>com.google.FirebaseTests</string>
				<key>PRODUCT_NAME</key>
				<string>$(TARGET_NAME)</string>
				<key>TEST_HOST</key>
				<string>$(BUILT_PRODUCTS_DIR)/Firebase.app/Firebase</string>
			</dict>
			<key>isa</key>
			<string>XCBuildConfiguration</string>
			<key>name</key>
			<string>Release</string>
		</dict>
		<key>6F00AA6C1D8C08950029FDCC</key>
		<dict>
			<key>buildConfigurations</key>
			<array>
				<string>6F00AA6D1D8C08950029FDCC</string>
				<string>6F00AA6E1D8C08950029FDCC</string>
			</array>
			<key>defaultConfigurationIsVisible</key>
			<string>0</string>
			<key>isa</key>
			<string>XCConfigurationList</string>
		</dict>
		<key>6F00AA6D1D8C08950029FDCC</key>
		<dict>
			<key>baseConfigurationReference</key>
			<string>BFC785CBB239FC1213C09725</string>
			<key>buildSettings</key>
			<dict>
				<key>DEVELOPMENT_TEAM</key>
				<string>AY664TBPX5</string>
				<key>INFOPLIST_FILE</key>
				<string>FirebaseUITests/Info.plist</string>
				<key>LD_RUNPATH_SEARCH_PATHS</key>
				<string>$(inherited) @executable_path/Frameworks @loader_path/Frameworks</string>
				<key>PRODUCT_BUNDLE_IDENTIFIER</key>
				<string>com.google.FirebaseUITests</string>
				<key>PRODUCT_NAME</key>
				<string>$(TARGET_NAME)</string>
				<key>TEST_TARGET_NAME</key>
				<string>Firebase</string>
			</dict>
			<key>isa</key>
			<string>XCBuildConfiguration</string>
			<key>name</key>
			<string>Debug</string>
		</dict>
		<key>6F00AA6E1D8C08950029FDCC</key>
		<dict>
			<key>baseConfigurationReference</key>
			<string>FF5C4E1FFE110607A799DF43</string>
			<key>buildSettings</key>
			<dict>
				<key>DEVELOPMENT_TEAM</key>
				<string>AY664TBPX5</string>
				<key>INFOPLIST_FILE</key>
				<string>FirebaseUITests/Info.plist</string>
				<key>LD_RUNPATH_SEARCH_PATHS</key>
				<string>$(inherited) @executable_path/Frameworks @loader_path/Frameworks</string>
				<key>PRODUCT_BUNDLE_IDENTIFIER</key>
				<string>com.google.FirebaseUITests</string>
				<key>PRODUCT_NAME</key>
				<string>$(TARGET_NAME)</string>
				<key>TEST_TARGET_NAME</key>
				<string>Firebase</string>
			</dict>
			<key>isa</key>
			<string>XCBuildConfiguration</string>
			<key>name</key>
			<string>Release</string>
		</dict>
		<key>8971989B767B7D6AA62A65B0</key>
		<dict>
			<key>includeInIndex</key>
			<string>1</string>
			<key>isa</key>
			<string>PBXFileReference</string>
			<key>lastKnownFileType</key>
			<string>text.xcconfig</string>
			<key>name</key>
			<string>Pods-Firebase.debug.xcconfig</string>
			<key>path</key>
			<string>Pods/Target Support Files/Pods-Firebase/Pods-Firebase.debug.xcconfig</string>
			<key>sourceTree</key>
			<string>&lt;group&gt;</string>
		</dict>
		<key>9163C4333D6C9DA79F1FD912</key>
		<dict>
			<key>buildActionMask</key>
			<string>2147483647</string>
			<key>files</key>
			<array/>
			<key>inputPaths</key>
			<array/>
			<key>isa</key>
			<string>PBXShellScriptBuildPhase</string>
			<key>name</key>
			<string>&#128230; Copy Pods Resources</string>
			<key>outputPaths</key>
			<array/>
			<key>runOnlyForDeploymentPostprocessing</key>
			<string>0</string>
			<key>shellPath</key>
			<string>/bin/sh</string>
			<key>shellScript</key>
			<string>"${SRCROOT}/Pods/Target Support Files/Pods-Firebase/Pods-Firebase-resources.sh"
</string>
			<key>showEnvVarsInLog</key>
			<string>0</string>
		</dict>
		<key>99DB0C8B000B7104FFC3E2E0</key>
		<dict>
			<key>explicitFileType</key>
			<string>archive.ar</string>
			<key>includeInIndex</key>
			<string>0</string>
			<key>isa</key>
			<string>PBXFileReference</string>
			<key>path</key>
			<string>libPods-FirebaseTests.a</string>
			<key>sourceTree</key>
			<string>BUILT_PRODUCTS_DIR</string>
		</dict>
		<key>9CD54F05EF4C438693E93CDD</key>
		<dict>
			<key>buildActionMask</key>
			<string>2147483647</string>
			<key>files</key>
			<array/>
			<key>inputPaths</key>
			<array/>
			<key>isa</key>
			<string>PBXShellScriptBuildPhase</string>
			<key>name</key>
			<string>&#128230; Embed Pods Frameworks</string>
			<key>outputPaths</key>
			<array/>
			<key>runOnlyForDeploymentPostprocessing</key>
			<string>0</string>
			<key>shellPath</key>
			<string>/bin/sh</string>
			<key>shellScript</key>
			<string>"${SRCROOT}/Pods/Target Support Files/Pods-FirebaseTests/Pods-FirebaseTests-frameworks.sh"
</string>
			<key>showEnvVarsInLog</key>
			<string>0</string>
		</dict>
		<key>ADA7C208FFA2200C2B67B689</key>
		<dict>
			<key>children</key>
			<array>
				<string>8971989B767B7D6AA62A65B0</string>
				<string>23AF88D76287A2465AB88BD9</string>
				<string>EAED20C50B5C413CFE6D7E12</string>
				<string>33CE5A879B023D33408D64AE</string>
				<string>BFC785CBB239FC1213C09725</string>
				<string>FF5C4E1FFE110607A799DF43</string>
			</array>
			<key>isa</key>
			<string>PBXGroup</string>
			<key>name</key>
			<string>Pods</string>
			<key>sourceTree</key>
			<string>&lt;group&gt;</string>
		</dict>
		<key>BFC785CBB239FC1213C09725</key>
		<dict>
			<key>includeInIndex</key>
			<string>1</string>
			<key>isa</key>
			<string>PBXFileReference</string>
			<key>lastKnownFileType</key>
			<string>text.xcconfig</string>
			<key>name</key>
			<string>Pods-FirebaseUITests.debug.xcconfig</string>
			<key>path</key>
			<string>Pods/Target Support Files/Pods-FirebaseUITests/Pods-FirebaseUITests.debug.xcconfig</string>
			<key>sourceTree</key>
			<string>&lt;group&gt;</string>
		</dict>
		<key>DF44A2ABDC26407D22C4AB38</key>
		<dict>
			<key>buildActionMask</key>
			<string>2147483647</string>
			<key>files</key>
			<array/>
			<key>inputPaths</key>
			<array/>
			<key>isa</key>
			<string>PBXShellScriptBuildPhase</string>
			<key>name</key>
			<string>&#128230; Check Pods Manifest.lock</string>
			<key>outputPaths</key>
			<array/>
			<key>runOnlyForDeploymentPostprocessing</key>
			<string>0</string>
			<key>shellPath</key>
			<string>/bin/sh</string>
			<key>shellScript</key>
			<string>diff "${PODS_ROOT}/../Podfile.lock" "${PODS_ROOT}/Manifest.lock" &gt; /dev/null
if [[ $? != 0 ]] ; then
    cat &lt;&lt; EOM
error: The sandbox is not in sync with the Podfile.lock. Run 'pod install' or update your CocoaPods installation.
EOM
    exit 1
fi
</string>
			<key>showEnvVarsInLog</key>
			<string>0</string>
		</dict>
		<key>EAED20C50B5C413CFE6D7E12</key>
		<dict>
			<key>includeInIndex</key>
			<string>1</string>
			<key>isa</key>
			<string>PBXFileReference</string>
			<key>lastKnownFileType</key>
			<string>text.xcconfig</string>
			<key>name</key>
			<string>Pods-FirebaseTests.debug.xcconfig</string>
			<key>path</key>
			<string>Pods/Target Support Files/Pods-FirebaseTests/Pods-FirebaseTests.debug.xcconfig</string>
			<key>sourceTree</key>
			<string>&lt;group&gt;</string>
		</dict>
		<key>F505FD8B5E26CB4725E08C0D</key>
		<dict>
			<key>explicitFileType</key>
			<string>archive.ar</string>
			<key>includeInIndex</key>
			<string>0</string>
			<key>isa</key>
			<string>PBXFileReference</string>
			<key>path</key>
			<string>libPods-Firebase.a</string>
			<key>sourceTree</key>
			<string>BUILT_PRODUCTS_DIR</string>
		</dict>
		<key>FABB355A1E9C89323BF202F9</key>
		<dict>
			<key>fileRef</key>
			<string>5BE2238E325954C158A3BF69</string>
			<key>isa</key>
			<string>PBXBuildFile</string>
		</dict>
		<key>FF5C4E1FFE110607A799DF43</key>
		<dict>
			<key>includeInIndex</key>
			<string>1</string>
			<key>isa</key>
			<string>PBXFileReference</string>
			<key>lastKnownFileType</key>
			<string>text.xcconfig</string>
			<key>name</key>
			<string>Pods-FirebaseUITests.release.xcconfig</string>
			<key>path</key>
			<string>Pods/Target Support Files/Pods-FirebaseUITests/Pods-FirebaseUITests.release.xcconfig</string>
			<key>sourceTree</key>
			<string>&lt;group&gt;</string>
		</dict>
	</dict>
	<key>rootObject</key>
	<string>6F00AA2E1D8C08940029FDCC</string>
</dict>
</plist>
